{
  "name": "js-sdk-newswebsite",
  "version": "1.0.0",
  "lockfileVersion": 3,
  "requires": true,
  "packages": {
    "": {
      "name": "js-sdk-newswebsite",
      "version": "1.0.0",
      "license": "ISC",
      "dependencies": {
        "@directus/sdk": "^16.1.0"
      }
    },
    "node_modules/@directus/sdk": {
      "version": "16.1.0",
      "resolved": "https://registry.npmjs.org/@directus/sdk/-/sdk-16.1.0.tgz",
      "integrity": "sha512-vqgG2Fn2uVAZkKz8UdXIrWd0GH+cYGsDUH0ojsGgjmUlaS1Ef5L89ZV4jynILPE+/+PPrNQsZHjHSkVoqFyFoQ==",
      "dependencies": {
        "@directus/system-data": "1.0.4"
      },
      "engines": {
        "node": ">=18.0.0"
      },
      "funding": {
        "url": "https://github.com/directus/directus?sponsor=1"
      }
    },
    "node_modules/@directus/system-data": {
      "version": "1.0.4",
      "resolved": "https://registry.npmjs.org/@directus/system-data/-/system-data-1.0.4.tgz",
      "integrity": "sha512-9qDfL/fSy1K01SMMXc7XiTbfAqA/1G9RBEO3nafHDN6SKJfE15YRlnELQA0LeWDKKiyIlWtKzpUBLrq7r6sN2Q==",
      "funding": {
        "url": "https://github.com/directus/directus?sponsor=1"
      }
    }
  }
}
